
Microsoft Visual Studio Solution File, Format Version 12.00
# Visual Studio Version 16
VisualStudioVersion = 16.0.30309.148
MinimumVisualStudioVersion = 10.0.40219.1
Project("{FAE04EC0-301F-11D3-BF4B-00C04F79EFBC}") = "Exercicios 2 GFT_UNI", "Exercicios 2 GFT_UNI\Exercicios 2 GFT_UNI.csproj", "{36662332-84EA-44E6-8FBF-EC5144EB41EC}"
EndProject
Global
	GlobalSection(SolutionConfigurationPlatforms) = preSolution
		Debug|Any CPU = Debug|Any CPU
		Release|Any CPU = Release|Any CPU
	EndGlobalSection
	GlobalSection(ProjectConfigurationPlatforms) = postSolution
		{36662332-84EA-44E6-8FBF-EC5144EB41EC}.Debug|Any CPU.ActiveCfg = Debug|Any CPU
		{36662332-84EA-44E6-8FBF-EC5144EB41EC}.Debug|Any CPU.Build.0 = Debug|Any CPU
		{36662332-84EA-44E6-8FBF-EC5144EB41EC}.Release|Any CPU.ActiveCfg = Release|Any CPU
		{36662332-84EA-44E6-8FBF-EC5144EB41EC}.Release|Any CPU.Build.0 = Release|Any CPU
	EndGlobalSection
	GlobalSection(SolutionProperties) = preSolution
		HideSolutionNode = FALSE
	EndGlobalSection
	GlobalSection(ExtensibilityGlobals) = postSolution
		SolutionGuid = {BC6D2A19-915E-4D62-9053-EE4E0C66779C}
	EndGlobalSection
EndGlobal
