
Microsoft Visual Studio Solution File, Format Version 12.00
# Visual Studio Version 16
VisualStudioVersion = 16.0.30309.148
MinimumVisualStudioVersion = 10.0.40219.1
Project("{FAE04EC0-301F-11D3-BF4B-00C04F79EFBC}") = "Exercicos GFT_UNI", "Exercicos GFT_UNI\Exercicos GFT_UNI.csproj", "{96BF873D-3A73-4FC9-A423-C6ADB6414329}"
EndProject
Global
	GlobalSection(SolutionConfigurationPlatforms) = preSolution
		Debug|Any CPU = Debug|Any CPU
		Release|Any CPU = Release|Any CPU
	EndGlobalSection
	GlobalSection(ProjectConfigurationPlatforms) = postSolution
		{96BF873D-3A73-4FC9-A423-C6ADB6414329}.Debug|Any CPU.ActiveCfg = Debug|Any CPU
		{96BF873D-3A73-4FC9-A423-C6ADB6414329}.Debug|Any CPU.Build.0 = Debug|Any CPU
		{96BF873D-3A73-4FC9-A423-C6ADB6414329}.Release|Any CPU.ActiveCfg = Release|Any CPU
		{96BF873D-3A73-4FC9-A423-C6ADB6414329}.Release|Any CPU.Build.0 = Release|Any CPU
	EndGlobalSection
	GlobalSection(SolutionProperties) = preSolution
		HideSolutionNode = FALSE
	EndGlobalSection
	GlobalSection(ExtensibilityGlobals) = postSolution
		SolutionGuid = {5F521883-70C1-4C88-A23A-8DECF0364D76}
	EndGlobalSection
EndGlobal
